
Microsoft Visual Studio Solution File, Format Version 12.00
# Visual Studio Version 17
VisualStudioVersion = 17.2.32505.173
MinimumVisualStudioVersion = 10.0.40219.1
Project("{FAE04EC0-301F-11D3-BF4B-00C04F79EFBC}") = "LabNro06_LINQ-XML_EspinozaCaso", "LabNro06_LINQ-XML_EspinozaCaso\LabNro06_LINQ-XML_EspinozaCaso.csproj", "{0F9BDAD0-2940-4746-BA6D-15BD92F7E6E3}"
EndProject
Global
	GlobalSection(SolutionConfigurationPlatforms) = preSolution
		Debug|Any CPU = Debug|Any CPU
		Release|Any CPU = Release|Any CPU
	EndGlobalSection
	GlobalSection(ProjectConfigurationPlatforms) = postSolution
		{0F9BDAD0-2940-4746-BA6D-15BD92F7E6E3}.Debug|Any CPU.ActiveCfg = Debug|Any CPU
		{0F9BDAD0-2940-4746-BA6D-15BD92F7E6E3}.Debug|Any CPU.Build.0 = Debug|Any CPU
		{0F9BDAD0-2940-4746-BA6D-15BD92F7E6E3}.Release|Any CPU.ActiveCfg = Release|Any CPU
		{0F9BDAD0-2940-4746-BA6D-15BD92F7E6E3}.Release|Any CPU.Build.0 = Release|Any CPU
	EndGlobalSection
	GlobalSection(SolutionProperties) = preSolution
		HideSolutionNode = FALSE
	EndGlobalSection
	GlobalSection(ExtensibilityGlobals) = postSolution
		SolutionGuid = {5292DF4D-1C0D-461E-93BA-FDBD8AE78536}
	EndGlobalSection
EndGlobal
